{
  "name": "the_web_components_interoperability_challenge",
  "version": "1.0.0",
  "lockfileVersion": 1,
  "requires": true,
  "dependencies": {
    "skatejs": {
      "version": "5.1.1",
      "resolved": "https://registry.npmjs.org/skatejs/-/skatejs-5.1.1.tgz",
      "integrity": "sha512-P3hEsQaaICfk65bI4jyXbtHptD2799UPO4/xsdnP/yklfmGTRh8nSdVNO1ZNq3dvc6xfVkGQzbaN7qLNlR9JvA=="
    },
    "vue": {
      "version": "2.5.16",
      "resolved": "https://registry.npmjs.org/vue/-/vue-2.5.16.tgz",
      "integrity": "sha512-/ffmsiVuPC8PsWcFkZngdpas19ABm5mh2wA7iDqcltyCTwlgZjHGeJYOXkBMo422iPwIcviOtrTCUpSfXmToLQ=="
    }
  }
}
